
Microsoft Visual Studio Solution File, Format Version 12.00
# Visual Studio Version 17
VisualStudioVersion = 17.4.33122.133
MinimumVisualStudioVersion = 10.0.40219.1
Project("{FAE04EC0-301F-11D3-BF4B-00C04F79EFBC}") = "Coursework", "Coursework\Coursework.csproj", "{9F838A84-1DF8-488A-8567-A3A41BD7553D}"
EndProject
Global
	GlobalSection(SolutionConfigurationPlatforms) = preSolution
		Debug|Any CPU = Debug|Any CPU
		Release|Any CPU = Release|Any CPU
	EndGlobalSection
	GlobalSection(ProjectConfigurationPlatforms) = postSolution
		{9F838A84-1DF8-488A-8567-A3A41BD7553D}.Debug|Any CPU.ActiveCfg = Debug|Any CPU
		{9F838A84-1DF8-488A-8567-A3A41BD7553D}.Debug|Any CPU.Build.0 = Debug|Any CPU
		{9F838A84-1DF8-488A-8567-A3A41BD7553D}.Release|Any CPU.ActiveCfg = Release|Any CPU
		{9F838A84-1DF8-488A-8567-A3A41BD7553D}.Release|Any CPU.Build.0 = Release|Any CPU
	EndGlobalSection
	GlobalSection(SolutionProperties) = preSolution
		HideSolutionNode = FALSE
	EndGlobalSection
	GlobalSection(ExtensibilityGlobals) = postSolution
		SolutionGuid = {7F712B7A-2206-459E-9936-9226409D0F26}
	EndGlobalSection
EndGlobal
